
Microsoft Visual Studio Solution File, Format Version 12.00
# Visual Studio Version 17
VisualStudioVersion = 17.0.31903.59
MinimumVisualStudioVersion = 10.0.40219.1
Project("{FAE04EC0-301F-11D3-BF4B-00C04F79EFBC}") = "CaseStudyWAHosting", "CaseStudyWA\CaseStudyWAHosting.csproj", "{80935ECF-6D25-4D47-AB36-BF3DE734CC61}"
EndProject
Project("{2150E333-8FDC-42A3-9474-1A3956D46DE8}") = "Back-End", "Back-End", "{4F32C5D8-FC5E-4789-9166-9D88BA967163}"
EndProject
Project("{2150E333-8FDC-42A3-9474-1A3956D46DE8}") = "Layer 1", "Layer 1", "{214DCA03-DFB0-4E92-94D3-FE627E7D24C3}"
EndProject
Project("{2150E333-8FDC-42A3-9474-1A3956D46DE8}") = "Data Access", "Data Access", "{A0E412EF-5D0B-4FDD-A46F-60C66D2D0268}"
EndProject
Project("{2150E333-8FDC-42A3-9474-1A3956D46DE8}") = "ORM", "ORM", "{1441556E-B84D-4BA9-A8C9-2B884F77F15A}"
EndProject
Project("{2150E333-8FDC-42A3-9474-1A3956D46DE8}") = "Layer 2", "Layer 2", "{2ECF4533-4BF6-45FC-A6F0-82CF17425A35}"
EndProject
Project("{2150E333-8FDC-42A3-9474-1A3956D46DE8}") = "Business", "Business", "{14358E17-CAAE-4B4D-AEEC-76DAB31BF665}"
EndProject
Project("{2150E333-8FDC-42A3-9474-1A3956D46DE8}") = "Layer 3", "Layer 3", "{B146ED4C-351E-4FD4-A6B2-7F317661EAB1}"
EndProject
Project("{2150E333-8FDC-42A3-9474-1A3956D46DE8}") = "Controllers", "Controllers", "{7FCE195D-AF53-4056-B5BE-5F91FFDEB4E8}"
EndProject
Project("{2150E333-8FDC-42A3-9474-1A3956D46DE8}") = "Common", "Common", "{D2B812FC-9767-46DB-965A-01EEFB08E0F8}"
EndProject
Project("{FAE04EC0-301F-11D3-BF4B-00C04F79EFBC}") = "Models.Customers", "Common\Models.Customers\Models.Customers.csproj", "{87E8271F-08DD-4553-9E39-E6E4D7D9FC02}"
EndProject
Project("{FAE04EC0-301F-11D3-BF4B-00C04F79EFBC}") = "ORM.CRMSystem", "Back-End\Layer 1\ORM\ORM.CRMSystem\ORM.CRMSystem.csproj", "{CCC43F7C-5369-4E30-9FC7-5ACE8B1C5242}"
EndProject
Project("{FAE04EC0-301F-11D3-BF4B-00C04F79EFBC}") = "DataAccess.CRMSystem", "Back-End\Layer 1\Data Access\DataAccess.CRMSystem\DataAccess.CRMSystem.csproj", "{D7AB1C46-8341-4BA3-9DD0-46749006D81B}"
EndProject
Project("{FAE04EC0-301F-11D3-BF4B-00C04F79EFBC}") = "Business.CRMSystem", "Back-End\Layer 2\Business\Business.CRMSystem\Business.CRMSystem.csproj", "{FD6DFA99-BADA-48ED-80C8-C66FBA2CA374}"
EndProject
Project("{FAE04EC0-301F-11D3-BF4B-00C04F79EFBC}") = "Controllers.CRMSystem", "Back-End\Layer 3\Controllers\Controllers.CRMSystem\Controllers.CRMSystem.csproj", "{B9A822D6-D6B6-464A-AE78-85E0504A99E8}"
EndProject
Global
	GlobalSection(SolutionConfigurationPlatforms) = preSolution
		Debug|Any CPU = Debug|Any CPU
		Release|Any CPU = Release|Any CPU
	EndGlobalSection
	GlobalSection(ProjectConfigurationPlatforms) = postSolution
		{80935ECF-6D25-4D47-AB36-BF3DE734CC61}.Debug|Any CPU.ActiveCfg = Debug|Any CPU
		{80935ECF-6D25-4D47-AB36-BF3DE734CC61}.Debug|Any CPU.Build.0 = Debug|Any CPU
		{80935ECF-6D25-4D47-AB36-BF3DE734CC61}.Release|Any CPU.ActiveCfg = Release|Any CPU
		{80935ECF-6D25-4D47-AB36-BF3DE734CC61}.Release|Any CPU.Build.0 = Release|Any CPU
		{87E8271F-08DD-4553-9E39-E6E4D7D9FC02}.Debug|Any CPU.ActiveCfg = Debug|Any CPU
		{87E8271F-08DD-4553-9E39-E6E4D7D9FC02}.Debug|Any CPU.Build.0 = Debug|Any CPU
		{87E8271F-08DD-4553-9E39-E6E4D7D9FC02}.Release|Any CPU.ActiveCfg = Release|Any CPU
		{87E8271F-08DD-4553-9E39-E6E4D7D9FC02}.Release|Any CPU.Build.0 = Release|Any CPU
		{CCC43F7C-5369-4E30-9FC7-5ACE8B1C5242}.Debug|Any CPU.ActiveCfg = Debug|Any CPU
		{CCC43F7C-5369-4E30-9FC7-5ACE8B1C5242}.Debug|Any CPU.Build.0 = Debug|Any CPU
		{CCC43F7C-5369-4E30-9FC7-5ACE8B1C5242}.Release|Any CPU.ActiveCfg = Release|Any CPU
		{CCC43F7C-5369-4E30-9FC7-5ACE8B1C5242}.Release|Any CPU.Build.0 = Release|Any CPU
		{D7AB1C46-8341-4BA3-9DD0-46749006D81B}.Debug|Any CPU.ActiveCfg = Debug|Any CPU
		{D7AB1C46-8341-4BA3-9DD0-46749006D81B}.Debug|Any CPU.Build.0 = Debug|Any CPU
		{D7AB1C46-8341-4BA3-9DD0-46749006D81B}.Release|Any CPU.ActiveCfg = Release|Any CPU
		{D7AB1C46-8341-4BA3-9DD0-46749006D81B}.Release|Any CPU.Build.0 = Release|Any CPU
		{FD6DFA99-BADA-48ED-80C8-C66FBA2CA374}.Debug|Any CPU.ActiveCfg = Debug|Any CPU
		{FD6DFA99-BADA-48ED-80C8-C66FBA2CA374}.Debug|Any CPU.Build.0 = Debug|Any CPU
		{FD6DFA99-BADA-48ED-80C8-C66FBA2CA374}.Release|Any CPU.ActiveCfg = Release|Any CPU
		{FD6DFA99-BADA-48ED-80C8-C66FBA2CA374}.Release|Any CPU.Build.0 = Release|Any CPU
		{B9A822D6-D6B6-464A-AE78-85E0504A99E8}.Debug|Any CPU.ActiveCfg = Debug|Any CPU
		{B9A822D6-D6B6-464A-AE78-85E0504A99E8}.Debug|Any CPU.Build.0 = Debug|Any CPU
		{B9A822D6-D6B6-464A-AE78-85E0504A99E8}.Release|Any CPU.ActiveCfg = Release|Any CPU
		{B9A822D6-D6B6-464A-AE78-85E0504A99E8}.Release|Any CPU.Build.0 = Release|Any CPU
	EndGlobalSection
	GlobalSection(SolutionProperties) = preSolution
		HideSolutionNode = FALSE
	EndGlobalSection
	GlobalSection(NestedProjects) = preSolution
		{214DCA03-DFB0-4E92-94D3-FE627E7D24C3} = {4F32C5D8-FC5E-4789-9166-9D88BA967163}
		{A0E412EF-5D0B-4FDD-A46F-60C66D2D0268} = {214DCA03-DFB0-4E92-94D3-FE627E7D24C3}
		{1441556E-B84D-4BA9-A8C9-2B884F77F15A} = {214DCA03-DFB0-4E92-94D3-FE627E7D24C3}
		{2ECF4533-4BF6-45FC-A6F0-82CF17425A35} = {4F32C5D8-FC5E-4789-9166-9D88BA967163}
		{14358E17-CAAE-4B4D-AEEC-76DAB31BF665} = {2ECF4533-4BF6-45FC-A6F0-82CF17425A35}
		{B146ED4C-351E-4FD4-A6B2-7F317661EAB1} = {4F32C5D8-FC5E-4789-9166-9D88BA967163}
		{7FCE195D-AF53-4056-B5BE-5F91FFDEB4E8} = {B146ED4C-351E-4FD4-A6B2-7F317661EAB1}
		{87E8271F-08DD-4553-9E39-E6E4D7D9FC02} = {D2B812FC-9767-46DB-965A-01EEFB08E0F8}
		{CCC43F7C-5369-4E30-9FC7-5ACE8B1C5242} = {1441556E-B84D-4BA9-A8C9-2B884F77F15A}
		{D7AB1C46-8341-4BA3-9DD0-46749006D81B} = {A0E412EF-5D0B-4FDD-A46F-60C66D2D0268}
		{FD6DFA99-BADA-48ED-80C8-C66FBA2CA374} = {14358E17-CAAE-4B4D-AEEC-76DAB31BF665}
		{B9A822D6-D6B6-464A-AE78-85E0504A99E8} = {7FCE195D-AF53-4056-B5BE-5F91FFDEB4E8}
	EndGlobalSection
EndGlobal
